github.com/bytedance/go-tagexpr v2.5.3+incompatible h1:r3Pnu1V1lrY9sHL4wGEiXu0ItjS0X0+cCZb0pX6Kd8A=
github.com/bytedance/go-tagexpr v2.5.3+incompatible/go.mod h1:A6Ae39qNPWJGJD54qubBx9pthsZxoCUSxD0vXSUMAWg=
github.com/bytedance/go-tagexpr v2.7.4+incompatible/go.mod h1:A6Ae39qNPWJGJD54qubBx9pthsZxoCUSxD0vXSUMAWg=
github.com/davecgh/go-spew v1.1.0 h1:ZDRjVQ15GmhC3fiQ8ni8+OwkZQO4DARzQgrnXU1Liz8=
github.com/davecgh/go-spew v1.1.0/go.mod h1:J7Y8YcW2NihsgmVo/mv3lAwl/skON4iLHjSsI+c5H38=
github.com/golang/protobuf v1.3.2/go.mod h1:6lQm79b+lXiMfvg/cZm0SGofjICqVBUtrP5yJMmIC1U=
github.com/henrylee2cn/ameda v1.3.4 h1:l8oksL4uikUUfnzkLUBi0fNc2p01MN8uiT7chhiB3Mw=
github.com/henrylee2cn/ameda v1.3.4/go.mod h1:liZulR8DgHxdK+MEwvZIylGnmcjzQ6N6f2PlWe7nEO4=
github.com/henrylee2cn/ameda v1.4.7/go.mod h1:liZulR8DgHxdK+MEwvZIylGnmcjzQ6N6f2PlWe7nEO4=
github.com/henrylee2cn/ameda v1.4.8-0.20201228101936-c43a18025427 h1:y73hk3eBiqF+cX5xuJ3d+Uo9cdByAxLjaawsnfhVJ/M=
github.com/henrylee2cn/ameda v1.4.8-0.20201228101936-c43a18025427/go.mod h1:liZulR8DgHxdK+MEwvZIylGnmcjzQ6N6f2PlWe7nEO4=
github.com/henrylee2cn/goutil v0.0.0-20200306052258-f6f704b30e18 h1:APlepwlSWvTwD3jCWPVbVVrRmeLQUsRJGsH0J2ZhOXM=
github.com/henrylee2cn/goutil v0.0.0-20200306052258-f6f704b30e18/go.mod h1:81hpTd0/0IQ9/yK+HKFg489/HHZWEpslCQtbV8M0P3U=
github.com/henrylee2cn/goutil v0.0.0-20201228120430-27831c543423 h1:tTZ5i21/92acsnKCZamKeK1o/HGqqqHu5mrRnU+dKbk=
github.com/henrylee2cn/goutil v0.0.0-20201228120430-27831c543423/go.mod h1:OV1goJr8SElIZWC5/Dcd+Wginy6ZlXa362cvBwvFTzI=
github.com/nyaruka/phonenumbers v1.0.54/go.mod h1:sDaTZ/KPX5f8qyV9qN+hIm+4ZBARJrupC6LuhshJq1U=
github.com/pmezard/go-difflib v1.0.0 h1:4DBwDE0NGyQoBHbLQYPwSUPoCMWR5BEzIk/f1lZbAQM=
github.com/pmezard/go-difflib v1.0.0/go.mod h1:iKH77koFhYxTK1pcRnkKkqfTogsbg7gZNVY4sRDYZ/4=
github.com/stretchr/objx v0.1.0/go.mod h1:HFkY916IF+rwdDfMAkV7OtwuqBVzrE8GR6GFx+wExME=
github.com/stretchr/testify v1.4.0 h1:2E4SXV/wtOkTonXsotYi4li6zVWxYlZuYNCXe9XRJyk=
github.com/stretchr/testify v1.4.0/go.mod h1:j7eGeouHqKxXV5pUuKE4zz7dFj8WfuZ+81PSLYec5m4=
gopkg.in/check.v1 v0.0.0-20161208181325-20d25e280405 h1:yhCVgyC4o1eVCa2tZl7eS0r+SDo693bJlVdllGtEeKM=
gopkg.in/check.v1 v0.0.0-20161208181325-20d25e280405/go.mod h1:Co6ibVJAznAaIkqp8huTwlJQCZ016jof/cbN4VW5Yz0=
gopkg.in/yaml.v2 v2.2.2 h1:ZCJp+EgiOT7lHqUV2J862kp8Qj64Jo6az82+3Td9dZw=
gopkg.in/yaml.v2 v2.2.2/go.mod h1:hI93XBmqTisBFMUTm0b8Fm+jr3Dg1NNxqwp+5A1VGuI=
