github.com/bytedance/go-tagexpr v2.5.2+incompatible h1:I4iT879W3cxpFfSoPSXgwRtwxi5ORceDMF44QsTKFsQ=
github.com/bytedance/go-tagexpr v2.5.2+incompatible/go.mod h1:A6Ae39qNPWJGJD54qubBx9pthsZxoCUSxD0vXSUMAWg=
github.com/davecgh/go-spew v1.1.0 h1:ZDRjVQ15GmhC3fiQ8ni8+OwkZQO4DARzQgrnXU1Liz8=
github.com/davecgh/go-spew v1.1.0/go.mod h1:J7Y8YcW2NihsgmVo/mv3lAwl/skON4iLHjSsI+c5H38=
github.com/golang/protobuf v1.3.2/go.mod h1:6lQm79b+lXiMfvg/cZm0SGofjICqVBUtrP5yJMmIC1U=
github.com/henrylee2cn/ameda v1.3.3 h1:L8Zx+HX9LyRE6l4rGgSseiyf1kg8I2QNMjQRnBblbmA=
github.com/henrylee2cn/ameda v1.3.3/go.mod h1:liZulR8DgHxdK+MEwvZIylGnmcjzQ6N6f2PlWe7nEO4=
github.com/henrylee2cn/goutil v0.0.0-20200215181958-6357fbbbb51c h1:wovG9SBQxHpnw48N3t3tIVgu8nZiBygzZIo55zyyrD8=
github.com/henrylee2cn/goutil v0.0.0-20200215181958-6357fbbbb51c/go.mod h1:81hpTd0/0IQ9/yK+HKFg489/HHZWEpslCQtbV8M0P3U=
github.com/nyaruka/phonenumbers v1.0.54/go.mod h1:sDaTZ/KPX5f8qyV9qN+hIm+4ZBARJrupC6LuhshJq1U=
github.com/pmezard/go-difflib v1.0.0 h1:4DBwDE0NGyQoBHbLQYPwSUPoCMWR5BEzIk/f1lZbAQM=
github.com/pmezard/go-difflib v1.0.0/go.mod h1:iKH77koFhYxTK1pcRnkKkqfTogsbg7gZNVY4sRDYZ/4=
github.com/stretchr/objx v0.1.0/go.mod h1:HFkY916IF+rwdDfMAkV7OtwuqBVzrE8GR6GFx+wExME=
github.com/stretchr/testify v1.4.0 h1:2E4SXV/wtOkTonXsotYi4li6zVWxYlZuYNCXe9XRJyk=
github.com/stretchr/testify v1.4.0/go.mod h1:j7eGeouHqKxXV5pUuKE4zz7dFj8WfuZ+81PSLYec5m4=
gopkg.in/check.v1 v0.0.0-20161208181325-20d25e280405 h1:yhCVgyC4o1eVCa2tZl7eS0r+SDo693bJlVdllGtEeKM=
gopkg.in/check.v1 v0.0.0-20161208181325-20d25e280405/go.mod h1:Co6ibVJAznAaIkqp8huTwlJQCZ016jof/cbN4VW5Yz0=
gopkg.in/yaml.v2 v2.2.2 h1:ZCJp+EgiOT7lHqUV2J862kp8Qj64Jo6az82+3Td9dZw=
gopkg.in/yaml.v2 v2.2.2/go.mod h1:hI93XBmqTisBFMUTm0b8Fm+jr3Dg1NNxqwp+5A1VGuI=
